
Microsoft Visual Studio Solution File, Format Version 12.00
# Visual Studio Version 16
VisualStudioVersion = 16.0.30907.101
MinimumVisualStudioVersion = 10.0.40219.1
Project("{FAE04EC0-301F-11D3-BF4B-00C04F79EFBC}") = "SuDoCase.Android", "SuDoCase.Android\SuDoCase.Android.csproj", "{C5795F84-771F-4A8B-9B4A-601A31BCDD16}"
EndProject
Project("{FAE04EC0-301F-11D3-BF4B-00C04F79EFBC}") = "SuDoCase.iOS", "SuDoCase.iOS\SuDoCase.iOS.csproj", "{34CBD57A-D0A3-40F1-881D-C70117140957}"
EndProject
Project("{FAE04EC0-301F-11D3-BF4B-00C04F79EFBC}") = "SuDoCase", "SuDoCase\SuDoCase.csproj", "{110657C6-481C-4771-995F-93C057788B6D}"
EndProject
Global
	GlobalSection(SolutionConfigurationPlatforms) = preSolution
		Debug|Any CPU = Debug|Any CPU
		Debug|iPhone = Debug|iPhone
		Debug|iPhoneSimulator = Debug|iPhoneSimulator
		Release|Any CPU = Release|Any CPU
		Release|iPhone = Release|iPhone
		Release|iPhoneSimulator = Release|iPhoneSimulator
	EndGlobalSection
	GlobalSection(ProjectConfigurationPlatforms) = postSolution
		{C5795F84-771F-4A8B-9B4A-601A31BCDD16}.Debug|Any CPU.ActiveCfg = Debug|Any CPU
		{C5795F84-771F-4A8B-9B4A-601A31BCDD16}.Debug|Any CPU.Build.0 = Debug|Any CPU
		{C5795F84-771F-4A8B-9B4A-601A31BCDD16}.Debug|Any CPU.Deploy.0 = Debug|Any CPU
		{C5795F84-771F-4A8B-9B4A-601A31BCDD16}.Debug|iPhone.ActiveCfg = Debug|Any CPU
		{C5795F84-771F-4A8B-9B4A-601A31BCDD16}.Debug|iPhone.Build.0 = Debug|Any CPU
		{C5795F84-771F-4A8B-9B4A-601A31BCDD16}.Debug|iPhone.Deploy.0 = Debug|Any CPU
		{C5795F84-771F-4A8B-9B4A-601A31BCDD16}.Debug|iPhoneSimulator.ActiveCfg = Debug|Any CPU
		{C5795F84-771F-4A8B-9B4A-601A31BCDD16}.Debug|iPhoneSimulator.Build.0 = Debug|Any CPU
		{C5795F84-771F-4A8B-9B4A-601A31BCDD16}.Debug|iPhoneSimulator.Deploy.0 = Debug|Any CPU
		{C5795F84-771F-4A8B-9B4A-601A31BCDD16}.Release|Any CPU.ActiveCfg = Release|Any CPU
		{C5795F84-771F-4A8B-9B4A-601A31BCDD16}.Release|Any CPU.Build.0 = Release|Any CPU
		{C5795F84-771F-4A8B-9B4A-601A31BCDD16}.Release|Any CPU.Deploy.0 = Release|Any CPU
		{C5795F84-771F-4A8B-9B4A-601A31BCDD16}.Release|iPhone.ActiveCfg = Release|Any CPU
		{C5795F84-771F-4A8B-9B4A-601A31BCDD16}.Release|iPhone.Build.0 = Release|Any CPU
		{C5795F84-771F-4A8B-9B4A-601A31BCDD16}.Release|iPhone.Deploy.0 = Release|Any CPU
		{C5795F84-771F-4A8B-9B4A-601A31BCDD16}.Release|iPhoneSimulator.ActiveCfg = Release|Any CPU
		{C5795F84-771F-4A8B-9B4A-601A31BCDD16}.Release|iPhoneSimulator.Build.0 = Release|Any CPU
		{C5795F84-771F-4A8B-9B4A-601A31BCDD16}.Release|iPhoneSimulator.Deploy.0 = Release|Any CPU
		{34CBD57A-D0A3-40F1-881D-C70117140957}.Debug|Any CPU.ActiveCfg = Debug|iPhone
		{34CBD57A-D0A3-40F1-881D-C70117140957}.Debug|Any CPU.Build.0 = Debug|iPhone
		{34CBD57A-D0A3-40F1-881D-C70117140957}.Debug|Any CPU.Deploy.0 = Debug|iPhone
		{34CBD57A-D0A3-40F1-881D-C70117140957}.Debug|iPhone.ActiveCfg = Debug|iPhone
		{34CBD57A-D0A3-40F1-881D-C70117140957}.Debug|iPhone.Build.0 = Debug|iPhone
		{34CBD57A-D0A3-40F1-881D-C70117140957}.Debug|iPhone.Deploy.0 = Debug|iPhone
		{34CBD57A-D0A3-40F1-881D-C70117140957}.Debug|iPhoneSimulator.ActiveCfg = Debug|iPhoneSimulator
		{34CBD57A-D0A3-40F1-881D-C70117140957}.Debug|iPhoneSimulator.Build.0 = Debug|iPhoneSimulator
		{34CBD57A-D0A3-40F1-881D-C70117140957}.Debug|iPhoneSimulator.Deploy.0 = Debug|iPhoneSimulator
		{34CBD57A-D0A3-40F1-881D-C70117140957}.Release|Any CPU.ActiveCfg = Release|iPhoneSimulator
		{34CBD57A-D0A3-40F1-881D-C70117140957}.Release|Any CPU.Build.0 = Release|iPhoneSimulator
		{34CBD57A-D0A3-40F1-881D-C70117140957}.Release|Any CPU.Deploy.0 = Release|iPhoneSimulator
		{34CBD57A-D0A3-40F1-881D-C70117140957}.Release|iPhone.ActiveCfg = Release|iPhone
		{34CBD57A-D0A3-40F1-881D-C70117140957}.Release|iPhone.Build.0 = Release|iPhone
		{34CBD57A-D0A3-40F1-881D-C70117140957}.Release|iPhone.Deploy.0 = Release|iPhone
		{34CBD57A-D0A3-40F1-881D-C70117140957}.Release|iPhoneSimulator.ActiveCfg = Release|iPhoneSimulator
		{34CBD57A-D0A3-40F1-881D-C70117140957}.Release|iPhoneSimulator.Build.0 = Release|iPhoneSimulator
		{34CBD57A-D0A3-40F1-881D-C70117140957}.Release|iPhoneSimulator.Deploy.0 = Release|iPhoneSimulator
		{110657C6-481C-4771-995F-93C057788B6D}.Debug|Any CPU.ActiveCfg = Debug|Any CPU
		{110657C6-481C-4771-995F-93C057788B6D}.Debug|Any CPU.Build.0 = Debug|Any CPU
		{110657C6-481C-4771-995F-93C057788B6D}.Debug|Any CPU.Deploy.0 = Debug|Any CPU
		{110657C6-481C-4771-995F-93C057788B6D}.Debug|iPhone.ActiveCfg = Debug|Any CPU
		{110657C6-481C-4771-995F-93C057788B6D}.Debug|iPhone.Build.0 = Debug|Any CPU
		{110657C6-481C-4771-995F-93C057788B6D}.Debug|iPhone.Deploy.0 = Debug|Any CPU
		{110657C6-481C-4771-995F-93C057788B6D}.Debug|iPhoneSimulator.ActiveCfg = Debug|Any CPU
		{110657C6-481C-4771-995F-93C057788B6D}.Debug|iPhoneSimulator.Build.0 = Debug|Any CPU
		{110657C6-481C-4771-995F-93C057788B6D}.Debug|iPhoneSimulator.Deploy.0 = Debug|Any CPU
		{110657C6-481C-4771-995F-93C057788B6D}.Release|Any CPU.ActiveCfg = Release|Any CPU
		{110657C6-481C-4771-995F-93C057788B6D}.Release|Any CPU.Build.0 = Release|Any CPU
		{110657C6-481C-4771-995F-93C057788B6D}.Release|Any CPU.Deploy.0 = Release|Any CPU
		{110657C6-481C-4771-995F-93C057788B6D}.Release|iPhone.ActiveCfg = Release|Any CPU
		{110657C6-481C-4771-995F-93C057788B6D}.Release|iPhone.Build.0 = Release|Any CPU
		{110657C6-481C-4771-995F-93C057788B6D}.Release|iPhone.Deploy.0 = Release|Any CPU
		{110657C6-481C-4771-995F-93C057788B6D}.Release|iPhoneSimulator.ActiveCfg = Release|Any CPU
		{110657C6-481C-4771-995F-93C057788B6D}.Release|iPhoneSimulator.Build.0 = Release|Any CPU
		{110657C6-481C-4771-995F-93C057788B6D}.Release|iPhoneSimulator.Deploy.0 = Release|Any CPU
	EndGlobalSection
	GlobalSection(SolutionProperties) = preSolution
		HideSolutionNode = FALSE
	EndGlobalSection
	GlobalSection(ExtensibilityGlobals) = postSolution
		SolutionGuid = {8348C3D7-8F94-422A-9BF2-87E51CCA546D}
	EndGlobalSection
EndGlobal
